// !$*UTF8*$!
{
	archiveVersion = 1;
	classes = {
	};
	objectVersion = 55;
	objects = {

/* Begin PBXBuildFile section */
		FEF0CAD62885F96600B7A639 /* AppDelegate.swift in Sources */ = {isa = PBXBuildFile; fileRef = FEF0CAD52885F96600B7A639 /* AppDelegate.swift */; };
		FEF0CAD82885F96600B7A639 /* SceneDelegate.swift in Sources */ = {isa = PBXBuildFile; fileRef = FEF0CAD72885F96600B7A639 /* SceneDelegate.swift */; };
		FEF0CADA2885F96600B7A639 /* ImageViewController.swift in Sources */ = {isa = PBXBuildFile; fileRef = FEF0CAD92885F96600B7A639 /* ImageViewController.swift */; };
		FEF0CADD2885F96600B7A639 /* Main.storyboard in Resources */ = {isa = PBXBuildFile; fileRef = FEF0CADB2885F96600B7A639 /* Main.storyboard */; };
		FEF0CADF2885F96800B7A639 /* Assets.xcassets in Resources */ = {isa = PBXBuildFile; fileRef = FEF0CADE2885F96800B7A639 /* Assets.xcassets */; };
		FEF0CAE22885F96800B7A639 /* LaunchScreen.storyboard in Resources */ = {isa = PBXBuildFile; fileRef = FEF0CAE02885F96800B7A639 /* LaunchScreen.storyboard */; };
		FEF0CAEA2886A62700B7A639 /* TwoCircleViewController.swift in Sources */ = {isa = PBXBuildFile; fileRef = FEF0CAE92886A62700B7A639 /* TwoCircleViewController.swift */; };
/* End PBXBuildFile section */

/* Begin PBXFileReference section */
		FEF0CAD22885F96600B7A639 /* HMW-18 SalomeM.app */ = {isa = PBXFileReference; explicitFileType = wrapper.application; includeInIndex = 0; path = "HMW-18 SalomeM.app"; sourceTree = BUILT_PRODUCTS_DIR; };
		FEF0CAD52885F96600B7A639 /* AppDelegate.swift */ = {isa = PBXFileReference; lastKnownFileType = sourcecode.swift; path = AppDelegate.swift; sourceTree = "<group>"; };
		FEF0CAD72885F96600B7A639 /* SceneDelegate.swift */ = {isa = PBXFileReference; lastKnownFileType = sourcecode.swift; path = SceneDelegate.swift; sourceTree = "<group>"; };
		FEF0CAD92885F96600B7A639 /* ImageViewController.swift */ = {isa = PBXFileReference; lastKnownFileType = sourcecode.swift; path = ImageViewController.swift; sourceTree = "<group>"; };
		FEF0CADC2885F96600B7A639 /* Base */ = {isa = PBXFileReference; lastKnownFileType = file.storyboard; name = Base; path = Base.lproj/Main.storyboard; sourceTree = "<group>"; };
		FEF0CADE2885F96800B7A639 /* Assets.xcassets */ = {isa = PBXFileReference; lastKnownFileType = folder.assetcatalog; path = Assets.xcassets; sourceTree = "<group>"; };
		FEF0CAE12885F96800B7A639 /* Base */ = {isa = PBXFileReference; lastKnownFileType = file.storyboard; name = Base; path = Base.lproj/LaunchScreen.storyboard; sourceTree = "<group>"; };
		FEF0CAE32885F96800B7A639 /* Info.plist */ = {isa = PBXFileReference; lastKnownFileType = text.plist.xml; path = Info.plist; sourceTree = "<group>"; };
		FEF0CAE92886A62700B7A639 /* TwoCircleViewController.swift */ = {isa = PBXFileReference; lastKnownFileType = sourcecode.swift; path = TwoCircleViewController.swift; sourceTree = "<group>"; };
/* End PBXFileReference section */

/* Begin PBXFrameworksBuildPhase section */
		FEF0CACF2885F96600B7A639 /* Frameworks */ = {
			isa = PBXFrameworksBuildPhase;
			buildActionMask = 2147483647;
			files = (
			);
			runOnlyForDeploymentPostprocessing = 0;
		};
/* End PBXFrameworksBuildPhase section */

/* Begin PBXGroup section */
		FEF0CAC92885F96600B7A639 = {
			isa = PBXGroup;
			children = (
				FEF0CAD42885F96600B7A639 /* HM18 */,
				FEF0CAD32885F96600B7A639 /* Products */,
			);
			sourceTree = "<group>";
		};
		FEF0CAD32885F96600B7A639 /* Products */ = {
			isa = PBXGroup;
			children = (
				FEF0CAD22885F96600B7A639 /* HMW-18 SalomeM.app */,
			);
			name = Products;
			sourceTree = "<group>";
		};
		FEF0CAD42885F96600B7A639 /* HM18 */ = {
			isa = PBXGroup;
			children = (
				FEF0CAEC2886A65900B7A639 /* Others */,
				FEF0CAEB2886A63B00B7A639 /* Controllers */,
				FEF0CADB2885F96600B7A639 /* Main.storyboard */,
				FEF0CAE32885F96800B7A639 /* Info.plist */,
			);
			path = HM18;
			sourceTree = "<group>";
		};
		FEF0CAEB2886A63B00B7A639 /* Controllers */ = {
			isa = PBXGroup;
			children = (
				FEF0CAD92885F96600B7A639 /* ImageViewController.swift */,
				FEF0CAE92886A62700B7A639 /* TwoCircleViewController.swift */,
			);
			path = Controllers;
			sourceTree = "<group>";
		};
		FEF0CAEC2886A65900B7A639 /* Others */ = {
			isa = PBXGroup;
			children = (
				FEF0CAD52885F96600B7A639 /* AppDelegate.swift */,
				FEF0CAD72885F96600B7A639 /* SceneDelegate.swift */,
				FEF0CADE2885F96800B7A639 /* Assets.xcassets */,
				FEF0CAE02885F96800B7A639 /* LaunchScreen.storyboard */,
			);
			path = Others;
			sourceTree = "<group>";
		};
/* End PBXGroup section */

/* Begin PBXNativeTarget section */
		FEF0CAD12885F96600B7A639 /* HMW-18 SalomeM */ = {
			isa = PBXNativeTarget;
			buildConfigurationList = FEF0CAE62885F96800B7A639 /* Build configuration list for PBXNativeTarget "HMW-18 SalomeM" */;
			buildPhases = (
				FEF0CACE2885F96600B7A639 /* Sources */,
				FEF0CACF2885F96600B7A639 /* Frameworks */,
				FEF0CAD02885F96600B7A639 /* Resources */,
			);
			buildRules = (
			);
			dependencies = (
			);
			name = "HMW-18 SalomeM";
			productName = HM18;
			productReference = FEF0CAD22885F96600B7A639 /* HMW-18 SalomeM.app */;
			productType = "com.apple.product-type.application";
		};
/* End PBXNativeTarget section */

/* Begin PBXProject section */
		FEF0CACA2885F96600B7A639 /* Project object */ = {
			isa = PBXProject;
			attributes = {
				BuildIndependentTargetsInParallel = 1;
				LastSwiftUpdateCheck = 1330;
				LastUpgradeCheck = 1330;
				TargetAttributes = {
					FEF0CAD12885F96600B7A639 = {
						CreatedOnToolsVersion = 13.3;
					};
				};
			};
			buildConfigurationList = FEF0CACD2885F96600B7A639 /* Build configuration list for PBXProject "HMW-18 SalomeM" */;
			compatibilityVersion = "Xcode 13.0";
			developmentRegion = en;
			hasScannedForEncodings = 0;
			knownRegions = (
				en,
				Base,
			);
			mainGroup = FEF0CAC92885F96600B7A639;
			productRefGroup = FEF0CAD32885F96600B7A639 /* Products */;
			projectDirPath = "";
			projectRoot = "";
			targets = (
				FEF0CAD12885F96600B7A639 /* HMW-18 SalomeM */,
			);
		};
/* End PBXProject section */

/* Begin PBXResourcesBuildPhase section */
		FEF0CAD02885F96600B7A639 /* Resources */ = {
			isa = PBXResourcesBuildPhase;
			buildActionMask = 2147483647;
			files = (
				FEF0CAE22885F96800B7A639 /* LaunchScreen.storyboard in Resources */,
				FEF0CADF2885F96800B7A639 /* Assets.xcassets in Resources */,
				FEF0CADD2885F96600B7A639 /* Main.storyboard in Resources */,
			);
			runOnlyForDeploymentPostprocessing = 0;
		};
/* End PBXResourcesBuildPhase section */

/* Begin PBXSourcesBuildPhase section */
		FEF0CACE2885F96600B7A639 /* Sources */ = {
			isa = PBXSourcesBuildPhase;
			buildActionMask = 2147483647;
			files = (
				FEF0CADA2885F96600B7A639 /* ImageViewController.swift in Sources */,
				FEF0CAD62885F96600B7A639 /* AppDelegate.swift in Sources */,
				FEF0CAD82885F96600B7A639 /* SceneDelegate.swift in Sources */,
				FEF0CAEA2886A62700B7A639 /* TwoCircleViewController.swift in Sources */,
			);
			runOnlyForDeploymentPostprocessing = 0;
		};
/* End PBXSourcesBuildPhase section */

/* Begin PBXVariantGroup section */
		FEF0CADB2885F96600B7A639 /* Main.storyboard */ = {
			isa = PBXVariantGroup;
			children = (
				FEF0CADC2885F96600B7A639 /* Base */,
			);
			name = Main.storyboard;
			sourceTree = "<group>";
		};
		FEF0CAE02885F96800B7A639 /* LaunchScreen.storyboard */ = {
			isa = PBXVariantGroup;
			children = (
				FEF0CAE12885F96800B7A639 /* Base */,
			);
			name = LaunchScreen.storyboard;
			sourceTree = "<group>";
		};
/* End PBXVariantGroup section */

/* Begin XCBuildConfiguration section */
		FEF0CAE42885F96800B7A639 /* Debug */ = {
			isa = XCBuildConfiguration;
			buildSettings = {
				ALWAYS_SEARCH_USER_PATHS = NO;
				CLANG_ANALYZER_NONNULL = YES;
				CLANG_ANALYZER_NUMBER_OBJECT_CONVERSION = YES_AGGRESSIVE;
				CLANG_CXX_LANGUAGE_STANDARD = "gnu++17";
				CLANG_ENABLE_MODULES = YES;
				CLANG_ENABLE_OBJC_ARC = YES;
				CLANG_ENABLE_OBJC_WEAK = YES;
				CLANG_WARN_BLOCK_CAPTURE_AUTORELEASING = YES;
				CLANG_WARN_BOOL_CONVERSION = YES;
				CLANG_WARN_COMMA = YES;
				CLANG_WARN_CONSTANT_CONVERSION = YES;
				CLANG_WARN_DEPRECATED_OBJC_IMPLEMENTATIONS = YES;
				CLANG_WARN_DIRECT_OBJC_ISA_USAGE = YES_ERROR;
				CLANG_WARN_DOCUMENTATION_COMMENTS = YES;
				CLANG_WARN_EMPTY_BODY = YES;
				CLANG_WARN_ENUM_CONVERSION = YES;
				CLANG_WARN_INFINITE_RECURSION = YES;
				CLANG_WARN_INT_CONVERSION = YES;
				CLANG_WARN_NON_LITERAL_NULL_CONVERSION = YES;
				CLANG_WARN_OBJC_IMPLICIT_RETAIN_SELF = YES;
				CLANG_WARN_OBJC_LITERAL_CONVERSION = YES;
				CLANG_WARN_OBJC_ROOT_CLASS = YES_ERROR;
				CLANG_WARN_QUOTED_INCLUDE_IN_FRAMEWORK_HEADER = YES;
				CLANG_WARN_RANGE_LOOP_ANALYSIS = YES;
				CLANG_WARN_STRICT_PROTOTYPES = YES;
				CLANG_WARN_SUSPICIOUS_MOVE = YES;
				CLANG_WARN_UNGUARDED_AVAILABILITY = YES_AGGRESSIVE;
				CLANG_WARN_UNREACHABLE_CODE = YES;
				CLANG_WARN__DUPLICATE_METHOD_MATCH = YES;
				COPY_PHASE_STRIP = NO;
				DEBUG_INFORMATION_FORMAT = dwarf;
				ENABLE_STRICT_OBJC_MSGSEND = YES;
				ENABLE_TESTABILITY = YES;
				GCC_C_LANGUAGE_STANDARD = gnu11;
				GCC_DYNAMIC_NO_PIC = NO;
				GCC_NO_COMMON_BLOCKS = YES;
				GCC_OPTIMIZATION_LEVEL = 0;
				GCC_PREPROCESSOR_DEFINITIONS = (
					"DEBUG=1",
					"$(inherited)",
				);
				GCC_WARN_64_TO_32_BIT_CONVERSION = YES;
				GCC_WARN_ABOUT_RETURN_TYPE = YES_ERROR;
				GCC_WARN_UNDECLARED_SELECTOR = YES;
				GCC_WARN_UNINITIALIZED_AUTOS = YES_AGGRESSIVE;
				GCC_WARN_UNUSED_FUNCTION = YES;
				GCC_WARN_UNUSED_VARIABLE = YES;
				IPHONEOS_DEPLOYMENT_TARGET = 15.4;
				MTL_ENABLE_DEBUG_INFO = INCLUDE_SOURCE;
				MTL_FAST_MATH = YES;
				ONLY_ACTIVE_ARCH = YES;
				SDKROOT = iphoneos;
				SWIFT_ACTIVE_COMPILATION_CONDITIONS = DEBUG;
				SWIFT_OPTIMIZATION_LEVEL = "-Onone";
			};
			name = Debug;
		};
		FEF0CAE52885F96800B7A639 /* Release */ = {
			isa = XCBuildConfiguration;
			buildSettings = {
				ALWAYS_SEARCH_USER_PATHS = NO;
				CLANG_ANALYZER_NONNULL = YES;
				CLANG_ANALYZER_NUMBER_OBJECT_CONVERSION = YES_AGGRESSIVE;
				CLANG_CXX_LANGUAGE_STANDARD = "gnu++17";
				CLANG_ENABLE_MODULES = YES;
				CLANG_ENABLE_OBJC_ARC = YES;
				CLANG_ENABLE_OBJC_WEAK = YES;
				CLANG_WARN_BLOCK_CAPTURE_AUTORELEASING = YES;
				CLANG_WARN_BOOL_CONVERSION = YES;
				CLANG_WARN_COMMA = YES;
				CLANG_WARN_CONSTANT_CONVERSION = YES;
				CLANG_WARN_DEPRECATED_OBJC_IMPLEMENTATIONS = YES;
				CLANG_WARN_DIRECT_OBJC_ISA_USAGE = YES_ERROR;
				CLANG_WARN_DOCUMENTATION_COMMENTS = YES;
				CLANG_WARN_EMPTY_BODY = YES;
				CLANG_WARN_ENUM_CONVERSION = YES;
				CLANG_WARN_INFINITE_RECURSION = YES;
				CLANG_WARN_INT_CONVERSION = YES;
				CLANG_WARN_NON_LITERAL_NULL_CONVERSION = YES;
				CLANG_WARN_OBJC_IMPLICIT_RETAIN_SELF = YES;
				CLANG_WARN_OBJC_LITERAL_CONVERSION = YES;
				CLANG_WARN_OBJC_ROOT_CLASS = YES_ERROR;
				CLANG_WARN_QUOTED_INCLUDE_IN_FRAMEWORK_HEADER = YES;
				CLANG_WARN_RANGE_LOOP_ANALYSIS = YES;
				CLANG_WARN_STRICT_PROTOTYPES = YES;
				CLANG_WARN_SUSPICIOUS_MOVE = YES;
				CLANG_WARN_UNGUARDED_AVAILABILITY = YES_AGGRESSIVE;
				CLANG_WARN_UNREACHABLE_CODE = YES;
				CLANG_WARN__DUPLICATE_METHOD_MATCH = YES;
				COPY_PHASE_STRIP = NO;
				DEBUG_INFORMATION_FORMAT = "dwarf-with-dsym";
				ENABLE_NS_ASSERTIONS = NO;
				ENABLE_STRICT_OBJC_MSGSEND = YES;
				GCC_C_LANGUAGE_STANDARD = gnu11;
				GCC_NO_COMMON_BLOCKS = YES;
				GCC_WARN_64_TO_32_BIT_CONVERSION = YES;
				GCC_WARN_ABOUT_RETURN_TYPE = YES_ERROR;
				GCC_WARN_UNDECLARED_SELECTOR = YES;
				GCC_WARN_UNINITIALIZED_AUTOS = YES_AGGRESSIVE;
				GCC_WARN_UNUSED_FUNCTION = YES;
				GCC_WARN_UNUSED_VARIABLE = YES;
				IPHONEOS_DEPLOYMENT_TARGET = 15.4;
				MTL_ENABLE_DEBUG_INFO = NO;
				MTL_FAST_MATH = YES;
				SDKROOT = iphoneos;
				SWIFT_COMPILATION_MODE = wholemodule;
				SWIFT_OPTIMIZATION_LEVEL = "-O";
				VALIDATE_PRODUCT = YES;
			};
			name = Release;
		};
		FEF0CAE72885F96800B7A639 /* Debug */ = {
			isa = XCBuildConfiguration;
			buildSettings = {
				ASSETCATALOG_COMPILER_APPICON_NAME = AppIcon;
				ASSETCATALOG_COMPILER_GLOBAL_ACCENT_COLOR_NAME = AccentColor;
				CODE_SIGN_STYLE = Automatic;
				CURRENT_PROJECT_VERSION = 1;
				DEVELOPMENT_TEAM = 68JHUUXS7A;
				GENERATE_INFOPLIST_FILE = YES;
				INFOPLIST_FILE = HM18/Info.plist;
				INFOPLIST_KEY_UIApplicationSupportsIndirectInputEvents = YES;
				INFOPLIST_KEY_UILaunchStoryboardName = LaunchScreen;
				INFOPLIST_KEY_UIMainStoryboardFile = Main;
				INFOPLIST_KEY_UISupportedInterfaceOrientations_iPad = "UIInterfaceOrientationPortrait UIInterfaceOrientationPortraitUpsideDown UIInterfaceOrientationLandscapeLeft UIInterfaceOrientationLandscapeRight";
				INFOPLIST_KEY_UISupportedInterfaceOrientations_iPhone = "UIInterfaceOrientationPortrait UIInterfaceOrientationLandscapeLeft UIInterfaceOrientationLandscapeRight";
				LD_RUNPATH_SEARCH_PATHS = (
					"$(inherited)",
					"@executable_path/Frameworks",
				);
				MARKETING_VERSION = 1.0;
				PRODUCT_BUNDLE_IDENTIFIER = "mskhvilidze.Currency-io.HM18";
				PRODUCT_NAME = "$(TARGET_NAME)";
				SWIFT_EMIT_LOC_STRINGS = YES;
				SWIFT_VERSION = 5.0;
				TARGETED_DEVICE_FAMILY = "1,2";
			};
			name = Debug;
		};
		FEF0CAE82885F96800B7A639 /* Release */ = {
			isa = XCBuildConfiguration;
			buildSettings = {
				ASSETCATALOG_COMPILER_APPICON_NAME = AppIcon;
				ASSETCATALOG_COMPILER_GLOBAL_ACCENT_COLOR_NAME = AccentColor;
				CODE_SIGN_STYLE = Automatic;
				CURRENT_PROJECT_VERSION = 1;
				DEVELOPMENT_TEAM = 68JHUUXS7A;
				GENERATE_INFOPLIST_FILE = YES;
				INFOPLIST_FILE = HM18/Info.plist;
				INFOPLIST_KEY_UIApplicationSupportsIndirectInputEvents = YES;
				INFOPLIST_KEY_UILaunchStoryboardName = LaunchScreen;
				INFOPLIST_KEY_UIMainStoryboardFile = Main;
				INFOPLIST_KEY_UISupportedInterfaceOrientations_iPad = "UIInterfaceOrientationPortrait UIInterfaceOrientationPortraitUpsideDown UIInterfaceOrientationLandscapeLeft UIInterfaceOrientationLandscapeRight";
				INFOPLIST_KEY_UISupportedInterfaceOrientations_iPhone = "UIInterfaceOrientationPortrait UIInterfaceOrientationLandscapeLeft UIInterfaceOrientationLandscapeRight";
				LD_RUNPATH_SEARCH_PATHS = (
					"$(inherited)",
					"@executable_path/Frameworks",
				);
				MARKETING_VERSION = 1.0;
				PRODUCT_BUNDLE_IDENTIFIER = "mskhvilidze.Currency-io.HM18";
				PRODUCT_NAME = "$(TARGET_NAME)";
				SWIFT_EMIT_LOC_STRINGS = YES;
				SWIFT_VERSION = 5.0;
				TARGETED_DEVICE_FAMILY = "1,2";
			};
			name = Release;
		};
/* End XCBuildConfiguration section */

/* Begin XCConfigurationList section */
		FEF0CACD2885F96600B7A639 /* Build configuration list for PBXProject "HMW-18 SalomeM" */ = {
			isa = XCConfigurationList;
			buildConfigurations = (
				FEF0CAE42885F96800B7A639 /* Debug */,
				FEF0CAE52885F96800B7A639 /* Release */,
			);
			defaultConfigurationIsVisible = 0;
			defaultConfigurationName = Release;
		};
		FEF0CAE62885F96800B7A639 /* Build configuration list for PBXNativeTarget "HMW-18 SalomeM" */ = {
			isa = XCConfigurationList;
			buildConfigurations = (
				FEF0CAE72885F96800B7A639 /* Debug */,
				FEF0CAE82885F96800B7A639 /* Release */,
			);
			defaultConfigurationIsVisible = 0;
			defaultConfigurationName = Release;
		};
/* End XCConfigurationList section */
	};
	rootObject = FEF0CACA2885F96600B7A639 /* Project object */;
}
